
Microsoft Visual Studio Solution File, Format Version 12.00
# Visual Studio Version 17
VisualStudioVersion = 17.2.32519.379
MinimumVisualStudioVersion = 10.0.40219.1
Project("{FAE04EC0-301F-11D3-BF4B-00C04F79EFBC}") = "Tolken_WebApi", "Tolken_WebApi\Tolken_WebApi.csproj", "{AB987945-3392-45C0-AF71-2A495C901463}"
EndProject
Global
	GlobalSection(SolutionConfigurationPlatforms) = preSolution
		Debug|Any CPU = Debug|Any CPU
		Release|Any CPU = Release|Any CPU
	EndGlobalSection
	GlobalSection(ProjectConfigurationPlatforms) = postSolution
		{AB987945-3392-45C0-AF71-2A495C901463}.Debug|Any CPU.ActiveCfg = Debug|Any CPU
		{AB987945-3392-45C0-AF71-2A495C901463}.Debug|Any CPU.Build.0 = Debug|Any CPU
		{AB987945-3392-45C0-AF71-2A495C901463}.Release|Any CPU.ActiveCfg = Release|Any CPU
		{AB987945-3392-45C0-AF71-2A495C901463}.Release|Any CPU.Build.0 = Release|Any CPU
	EndGlobalSection
	GlobalSection(SolutionProperties) = preSolution
		HideSolutionNode = FALSE
	EndGlobalSection
	GlobalSection(ExtensibilityGlobals) = postSolution
		SolutionGuid = {0327A194-76B3-4D36-9B98-99ADCD44DFCA}
	EndGlobalSection
EndGlobal
