
Microsoft Visual Studio Solution File, Format Version 12.00
# Visual Studio Version 17
VisualStudioVersion = 17.2.32519.379
MinimumVisualStudioVersion = 10.0.40219.1
Project("{FAE04EC0-301F-11D3-BF4B-00C04F79EFBC}") = "Northwind_Api_Authorization", "Northwind_Api_Authorization\Northwind_Api_Authorization.csproj", "{C5C6B79D-1859-4783-8FC9-8D977A7EF472}"
EndProject
Global
	GlobalSection(SolutionConfigurationPlatforms) = preSolution
		Debug|Any CPU = Debug|Any CPU
		Release|Any CPU = Release|Any CPU
	EndGlobalSection
	GlobalSection(ProjectConfigurationPlatforms) = postSolution
		{C5C6B79D-1859-4783-8FC9-8D977A7EF472}.Debug|Any CPU.ActiveCfg = Debug|Any CPU
		{C5C6B79D-1859-4783-8FC9-8D977A7EF472}.Debug|Any CPU.Build.0 = Debug|Any CPU
		{C5C6B79D-1859-4783-8FC9-8D977A7EF472}.Release|Any CPU.ActiveCfg = Release|Any CPU
		{C5C6B79D-1859-4783-8FC9-8D977A7EF472}.Release|Any CPU.Build.0 = Release|Any CPU
	EndGlobalSection
	GlobalSection(SolutionProperties) = preSolution
		HideSolutionNode = FALSE
	EndGlobalSection
	GlobalSection(ExtensibilityGlobals) = postSolution
		SolutionGuid = {70D7B14D-5D0B-4F4F-A9B1-1366F19DA909}
	EndGlobalSection
EndGlobal
