
Microsoft Visual Studio Solution File, Format Version 12.00
# Visual Studio Version 16
VisualStudioVersion = 16.0.32126.315
MinimumVisualStudioVersion = 10.0.40219.1
Project("{FAE04EC0-301F-11D3-BF4B-00C04F79EFBC}") = "WebApi", "WebApi\WebApi.csproj", "{FF35F768-0FC3-4981-8C01-C75B924FF670}"
EndProject
Project("{FAE04EC0-301F-11D3-BF4B-00C04F79EFBC}") = "WebClient", "WebClient\WebClient.csproj", "{1188BA0D-CB2B-4728-92A8-2046E6956EB7}"
EndProject
Global
	GlobalSection(SolutionConfigurationPlatforms) = preSolution
		Debug|Any CPU = Debug|Any CPU
		Release|Any CPU = Release|Any CPU
	EndGlobalSection
	GlobalSection(ProjectConfigurationPlatforms) = postSolution
		{FF35F768-0FC3-4981-8C01-C75B924FF670}.Debug|Any CPU.ActiveCfg = Debug|Any CPU
		{FF35F768-0FC3-4981-8C01-C75B924FF670}.Debug|Any CPU.Build.0 = Debug|Any CPU
		{FF35F768-0FC3-4981-8C01-C75B924FF670}.Release|Any CPU.ActiveCfg = Release|Any CPU
		{FF35F768-0FC3-4981-8C01-C75B924FF670}.Release|Any CPU.Build.0 = Release|Any CPU
		{1188BA0D-CB2B-4728-92A8-2046E6956EB7}.Debug|Any CPU.ActiveCfg = Debug|Any CPU
		{1188BA0D-CB2B-4728-92A8-2046E6956EB7}.Debug|Any CPU.Build.0 = Debug|Any CPU
		{1188BA0D-CB2B-4728-92A8-2046E6956EB7}.Release|Any CPU.ActiveCfg = Release|Any CPU
		{1188BA0D-CB2B-4728-92A8-2046E6956EB7}.Release|Any CPU.Build.0 = Release|Any CPU
	EndGlobalSection
	GlobalSection(SolutionProperties) = preSolution
		HideSolutionNode = FALSE
	EndGlobalSection
	GlobalSection(ExtensibilityGlobals) = postSolution
		SolutionGuid = {9300761A-7E24-4C1C-8CB1-504BB91551CD}
	EndGlobalSection
EndGlobal
